
Microsoft Visual Studio Solution File, Format Version 12.00
# Visual Studio 15
VisualStudioVersion = 15.0.27703.2026
MinimumVisualStudioVersion = 10.0.40219.1
Project("{FAE04EC0-301F-11D3-BF4B-00C04F79EFBC}") = "SeleniumDemo.Web", "SeleniumDemo.Web\SeleniumDemo.Web.csproj", "{EDD88799-4B3B-4427-8FCA-17A1D6DCE74E}"
EndProject
Project("{FAE04EC0-301F-11D3-BF4B-00C04F79EFBC}") = "SeleniumDemo.TestFramework", "SeleniumDemo.TestFramework\SeleniumDemo.TestFramework.csproj", "{6447FDC1-D175-467E-989E-028D76FC18FE}"
EndProject
Project("{FAE04EC0-301F-11D3-BF4B-00C04F79EFBC}") = "SeleniumDemo.Tests", "SeleniumDemo.Tests\SeleniumDemo.Tests.csproj", "{658AB9F9-5E1F-4257-9CE8-7434192EB127}"
EndProject
Global
	GlobalSection(SolutionConfigurationPlatforms) = preSolution
		Debug|Any CPU = Debug|Any CPU
		Release|Any CPU = Release|Any CPU
	EndGlobalSection
	GlobalSection(ProjectConfigurationPlatforms) = postSolution
		{EDD88799-4B3B-4427-8FCA-17A1D6DCE74E}.Debug|Any CPU.ActiveCfg = Debug|Any CPU
		{EDD88799-4B3B-4427-8FCA-17A1D6DCE74E}.Debug|Any CPU.Build.0 = Debug|Any CPU
		{EDD88799-4B3B-4427-8FCA-17A1D6DCE74E}.Release|Any CPU.ActiveCfg = Release|Any CPU
		{EDD88799-4B3B-4427-8FCA-17A1D6DCE74E}.Release|Any CPU.Build.0 = Release|Any CPU
		{6447FDC1-D175-467E-989E-028D76FC18FE}.Debug|Any CPU.ActiveCfg = Debug|Any CPU
		{6447FDC1-D175-467E-989E-028D76FC18FE}.Debug|Any CPU.Build.0 = Debug|Any CPU
		{6447FDC1-D175-467E-989E-028D76FC18FE}.Release|Any CPU.ActiveCfg = Release|Any CPU
		{6447FDC1-D175-467E-989E-028D76FC18FE}.Release|Any CPU.Build.0 = Release|Any CPU
		{658AB9F9-5E1F-4257-9CE8-7434192EB127}.Debug|Any CPU.ActiveCfg = Debug|Any CPU
		{658AB9F9-5E1F-4257-9CE8-7434192EB127}.Debug|Any CPU.Build.0 = Debug|Any CPU
		{658AB9F9-5E1F-4257-9CE8-7434192EB127}.Release|Any CPU.ActiveCfg = Release|Any CPU
		{658AB9F9-5E1F-4257-9CE8-7434192EB127}.Release|Any CPU.Build.0 = Release|Any CPU
	EndGlobalSection
	GlobalSection(SolutionProperties) = preSolution
		HideSolutionNode = FALSE
	EndGlobalSection
	GlobalSection(ExtensibilityGlobals) = postSolution
		SolutionGuid = {D0D41513-D5E8-48D5-B9F0-936541C7D7EE}
	EndGlobalSection
EndGlobal
